version: 2.0
shards:
  baked_file_system:
    git: https://github.com/schovi/baked_file_system.git
    version: 0.9.8+git.commit.7183bfde8d86a976a6912f582b51cbd1783456af

  db:
    git: https://github.com/crystal-lang/crystal-db.git
    version: 0.10.0

  exception_page:
    git: https://github.com/crystal-loot/exception_page.git
    version: 0.1.4

  json_mapping:
    git: https://github.com/crystal-lang/json_mapping.cr.git
    version: 0.1.0

  kemal:
    git: https://github.com/kemalcr/kemal.git
    version: 0.27.0

  kemal-csrf:
    git: https://github.com/kemalcr/kemal-csrf.git
    version: 0.7.0

  kemal-session:
    git: https://github.com/kemalcr/kemal-session.git
    version: 0.12.1

  kilt:
    git: https://github.com/jeromegn/kilt.git
    version: 0.4.0

  pool:
    git: https://github.com/ysbaddaden/pool.git
    version: 0.2.3

  radix:
    git: https://github.com/luislavena/radix.git
    version: 0.3.9

  redis:
    git: https://github.com/stefanwille/crystal-redis.git
    version: 2.6.0

  sidekiq:
    git: https://github.com/mperham/sidekiq.cr.git
    version: 0.7.0+git.commit.3d9c85b167bca4ab4b27a42d2623436f54e0169b

